
Microsoft Visual Studio Solution File, Format Version 12.00
# Visual Studio Version 17
VisualStudioVersion = 17.2.32505.173
MinimumVisualStudioVersion = 10.0.40219.1
Project("{FAE04EC0-301F-11D3-BF4B-00C04F79EFBC}") = "Forms", "Forms\Forms.csproj", "{07C85B77-9D2C-470D-90E5-130FDD3E909A}"
EndProject
Global
	GlobalSection(SolutionConfigurationPlatforms) = preSolution
		Debug|Any CPU = Debug|Any CPU
		Release|Any CPU = Release|Any CPU
	EndGlobalSection
	GlobalSection(ProjectConfigurationPlatforms) = postSolution
		{07C85B77-9D2C-470D-90E5-130FDD3E909A}.Debug|Any CPU.ActiveCfg = Debug|Any CPU
		{07C85B77-9D2C-470D-90E5-130FDD3E909A}.Debug|Any CPU.Build.0 = Debug|Any CPU
		{07C85B77-9D2C-470D-90E5-130FDD3E909A}.Release|Any CPU.ActiveCfg = Release|Any CPU
		{07C85B77-9D2C-470D-90E5-130FDD3E909A}.Release|Any CPU.Build.0 = Release|Any CPU
	EndGlobalSection
	GlobalSection(SolutionProperties) = preSolution
		HideSolutionNode = FALSE
	EndGlobalSection
	GlobalSection(ExtensibilityGlobals) = postSolution
		SolutionGuid = {368B8463-CE23-48D2-883F-BDB582DE336E}
	EndGlobalSection
EndGlobal
