
Microsoft Visual Studio Solution File, Format Version 12.00
# Visual Studio Version 17
VisualStudioVersion = 17.6.33829.357
MinimumVisualStudioVersion = 10.0.40219.1
Project("{9A19103F-16F7-4668-BE54-9A1E7A4F7556}") = "LibraryManagement.Forms", "LibraryManagement.Forms\LibraryManagement.Forms.csproj", "{1E9F26CB-4633-47FF-BF50-B6A36C5B7597}"
EndProject
Project("{9A19103F-16F7-4668-BE54-9A1E7A4F7556}") = "LibraryManagement.Models", "LibraryManagement.Models\LibraryManagement.Models.csproj", "{3909874E-4214-406A-A3A8-F163310EDB55}"
EndProject
Project("{9A19103F-16F7-4668-BE54-9A1E7A4F7556}") = "LibraryManagement.Access", "LibraryManagement.Access\LibraryManagement.Access.csproj", "{009DBE77-6887-4017-A4B3-102CE1C0642E}"
EndProject
Project("{9A19103F-16F7-4668-BE54-9A1E7A4F7556}") = "LibraryManagement.Access.Core", "LibraryManagement.Access.Core\LibraryManagement.Access.Core.csproj", "{F7676905-A113-4158-80E6-59F207166E9C}"
EndProject
Project("{9A19103F-16F7-4668-BE54-9A1E7A4F7556}") = "LibraryManagement.Access.Db", "LibraryManagement.Access.Db\LibraryManagement.Access.Db.csproj", "{09D10382-9BD2-4026-AF6F-BF3E02DB7C9D}"
EndProject
Project("{9A19103F-16F7-4668-BE54-9A1E7A4F7556}") = "LibraryManagement.Access.File", "LibraryManagement.Access.File\LibraryManagement.Access.File.csproj", "{C2AEE1A9-F4F7-4C75-934A-611E17F0B0FD}"
EndProject
Project("{9A19103F-16F7-4668-BE54-9A1E7A4F7556}") = "LibraryManagement.Access.Memory", "LibraryManagement.Access.Memory\LibraryManagement.Access.Memory.csproj", "{09642901-D65D-40F0-B550-08926CE4FD96}"
EndProject
Project("{9A19103F-16F7-4668-BE54-9A1E7A4F7556}") = "LibraryManagement.Business", "LibraryManagement.Business\LibraryManagement.Business.csproj", "{823FDC94-E1B5-4B7D-8EFD-1957F6093DCC}"
EndProject
Project("{9A19103F-16F7-4668-BE54-9A1E7A4F7556}") = "FormsNoAbstraction", "_FormsNoAbstraction\FormsNoAbstraction.csproj", "{82E48F44-0E5D-4462-A7B8-1D49850EA19A}"
EndProject
Global
	GlobalSection(SolutionConfigurationPlatforms) = preSolution
		Debug|Any CPU = Debug|Any CPU
		Release|Any CPU = Release|Any CPU
	EndGlobalSection
	GlobalSection(ProjectConfigurationPlatforms) = postSolution
		{1E9F26CB-4633-47FF-BF50-B6A36C5B7597}.Debug|Any CPU.ActiveCfg = Debug|Any CPU
		{1E9F26CB-4633-47FF-BF50-B6A36C5B7597}.Debug|Any CPU.Build.0 = Debug|Any CPU
		{1E9F26CB-4633-47FF-BF50-B6A36C5B7597}.Release|Any CPU.ActiveCfg = Release|Any CPU
		{1E9F26CB-4633-47FF-BF50-B6A36C5B7597}.Release|Any CPU.Build.0 = Release|Any CPU
		{3909874E-4214-406A-A3A8-F163310EDB55}.Debug|Any CPU.ActiveCfg = Debug|Any CPU
		{3909874E-4214-406A-A3A8-F163310EDB55}.Debug|Any CPU.Build.0 = Debug|Any CPU
		{3909874E-4214-406A-A3A8-F163310EDB55}.Release|Any CPU.ActiveCfg = Release|Any CPU
		{3909874E-4214-406A-A3A8-F163310EDB55}.Release|Any CPU.Build.0 = Release|Any CPU
		{009DBE77-6887-4017-A4B3-102CE1C0642E}.Debug|Any CPU.ActiveCfg = Debug|Any CPU
		{009DBE77-6887-4017-A4B3-102CE1C0642E}.Debug|Any CPU.Build.0 = Debug|Any CPU
		{009DBE77-6887-4017-A4B3-102CE1C0642E}.Release|Any CPU.ActiveCfg = Release|Any CPU
		{009DBE77-6887-4017-A4B3-102CE1C0642E}.Release|Any CPU.Build.0 = Release|Any CPU
		{F7676905-A113-4158-80E6-59F207166E9C}.Debug|Any CPU.ActiveCfg = Debug|Any CPU
		{F7676905-A113-4158-80E6-59F207166E9C}.Debug|Any CPU.Build.0 = Debug|Any CPU
		{F7676905-A113-4158-80E6-59F207166E9C}.Release|Any CPU.ActiveCfg = Release|Any CPU
		{F7676905-A113-4158-80E6-59F207166E9C}.Release|Any CPU.Build.0 = Release|Any CPU
		{09D10382-9BD2-4026-AF6F-BF3E02DB7C9D}.Debug|Any CPU.ActiveCfg = Debug|Any CPU
		{09D10382-9BD2-4026-AF6F-BF3E02DB7C9D}.Debug|Any CPU.Build.0 = Debug|Any CPU
		{09D10382-9BD2-4026-AF6F-BF3E02DB7C9D}.Release|Any CPU.ActiveCfg = Release|Any CPU
		{09D10382-9BD2-4026-AF6F-BF3E02DB7C9D}.Release|Any CPU.Build.0 = Release|Any CPU
		{C2AEE1A9-F4F7-4C75-934A-611E17F0B0FD}.Debug|Any CPU.ActiveCfg = Debug|Any CPU
		{C2AEE1A9-F4F7-4C75-934A-611E17F0B0FD}.Debug|Any CPU.Build.0 = Debug|Any CPU
		{C2AEE1A9-F4F7-4C75-934A-611E17F0B0FD}.Release|Any CPU.ActiveCfg = Release|Any CPU
		{C2AEE1A9-F4F7-4C75-934A-611E17F0B0FD}.Release|Any CPU.Build.0 = Release|Any CPU
		{09642901-D65D-40F0-B550-08926CE4FD96}.Debug|Any CPU.ActiveCfg = Debug|Any CPU
		{09642901-D65D-40F0-B550-08926CE4FD96}.Debug|Any CPU.Build.0 = Debug|Any CPU
		{09642901-D65D-40F0-B550-08926CE4FD96}.Release|Any CPU.ActiveCfg = Release|Any CPU
		{09642901-D65D-40F0-B550-08926CE4FD96}.Release|Any CPU.Build.0 = Release|Any CPU
		{823FDC94-E1B5-4B7D-8EFD-1957F6093DCC}.Debug|Any CPU.ActiveCfg = Debug|Any CPU
		{823FDC94-E1B5-4B7D-8EFD-1957F6093DCC}.Debug|Any CPU.Build.0 = Debug|Any CPU
		{823FDC94-E1B5-4B7D-8EFD-1957F6093DCC}.Release|Any CPU.ActiveCfg = Release|Any CPU
		{823FDC94-E1B5-4B7D-8EFD-1957F6093DCC}.Release|Any CPU.Build.0 = Release|Any CPU
		{82E48F44-0E5D-4462-A7B8-1D49850EA19A}.Debug|Any CPU.ActiveCfg = Debug|Any CPU
		{82E48F44-0E5D-4462-A7B8-1D49850EA19A}.Debug|Any CPU.Build.0 = Debug|Any CPU
		{82E48F44-0E5D-4462-A7B8-1D49850EA19A}.Release|Any CPU.ActiveCfg = Release|Any CPU
		{82E48F44-0E5D-4462-A7B8-1D49850EA19A}.Release|Any CPU.Build.0 = Release|Any CPU
	EndGlobalSection
	GlobalSection(SolutionProperties) = preSolution
		HideSolutionNode = FALSE
	EndGlobalSection
	GlobalSection(ExtensibilityGlobals) = postSolution
		SolutionGuid = {B1D11938-74C5-4AE2-828B-D916F83FFC91}
	EndGlobalSection
EndGlobal
